
Microsoft Visual Studio Solution File, Format Version 12.00
# Visual Studio 15
VisualStudioVersion = 15.0.27130.2024
MinimumVisualStudioVersion = 10.0.40219.1
Project("{9A19103F-16F7-4668-BE54-9A1E7A4F7556}") = "DependencyInjector.AzureFunction", "DependencyInjector.AzureFunction.csproj", "{87209EC8-41ED-4B00-A089-C53F4DDEFCCC}"
EndProject
Global
	GlobalSection(SolutionConfigurationPlatforms) = preSolution
		Debug|Any CPU = Debug|Any CPU
		Release|Any CPU = Release|Any CPU
	EndGlobalSection
	GlobalSection(ProjectConfigurationPlatforms) = postSolution
		{87209EC8-41ED-4B00-A089-C53F4DDEFCCC}.Debug|Any CPU.ActiveCfg = Debug|Any CPU
		{87209EC8-41ED-4B00-A089-C53F4DDEFCCC}.Debug|Any CPU.Build.0 = Debug|Any CPU
		{87209EC8-41ED-4B00-A089-C53F4DDEFCCC}.Release|Any CPU.ActiveCfg = Release|Any CPU
		{87209EC8-41ED-4B00-A089-C53F4DDEFCCC}.Release|Any CPU.Build.0 = Release|Any CPU
	EndGlobalSection
	GlobalSection(SolutionProperties) = preSolution
		HideSolutionNode = FALSE
	EndGlobalSection
	GlobalSection(ExtensibilityGlobals) = postSolution
		SolutionGuid = {35F5E897-65D0-4240-96CB-0618CD562558}
	EndGlobalSection
EndGlobal
